<?xml version="1.0" encoding="UTF-8" standalone="yes" ?>
<CodeBlocks_project_file>
	<FileVersion major="1" minor="6" />
	<Project>
		<Option title="winteszt" />
		<Option platforms="Windows;" />
		<Option pch_mode="2" />
		<Option compiler="gcc" />
		<Build>
			<Target title="Debug Win32">
				<Option platforms="Windows;" />
				<Option output="..\data\winteszt_d" prefix_auto="1" extension_auto="1" />
				<Option working_dir="..\data" />
				<Option object_output="Debug Win32" />
				<Option external_deps="..\libs\lib_d.a;" />
				<Option type="0" />
				<Option compiler="gcc" />
				<Compiler>
					<Add option="-W" />
					<Add option="-g" />
					<Add option="-O0" />
					<Add option="-DWIN32" />
					<Add option="-D_DEBUG" />
					<Add option="-D_WINDOWS" />
					<Add option="-D_CRT_SECURE_NO_WARNINGS" />
					<Add directory="..\libs" />
				</Compiler>
				<ResourceCompiler>
					<Add directory="..\libs" />
				</ResourceCompiler>
				<Linker>
					<Add library="winmm" />
					<Add library="lib_d.a" />
					<Add library="d3d9" />
					<Add library="d3dx9d" />
					<Add library="dxguid" />
					<Add library="dinput8" />
					<Add directory="..\libs" />
				</Linker>
			</Target>
			<Target title="Release Win32">
				<Option platforms="Windows;" />
				<Option output="..\data\winteszt" prefix_auto="1" extension_auto="1" />
				<Option working_dir="..\data" />
				<Option object_output="Release Win32" />
				<Option external_deps="..\libs\lib.a;" />
				<Option type="0" />
				<Option compiler="gcc" />
				<Compiler>
					<Add option="-fexpensive-optimizations" />
					<Add option="-Os" />
					<Add option="-O3" />
					<Add option="-W" />
					<Add option="-DWIN32" />
					<Add option="-DNDEBUG" />
					<Add option="-D_WINDOWS" />
					<Add option="-D_CRT_SECURE_NO_WARNINGS" />
					<Add option="-DNEED_ASSERT" />
					<Add directory="..\libs" />
				</Compiler>
				<ResourceCompiler>
					<Add directory="..\libs" />
				</ResourceCompiler>
				<Linker>
					<Add library="winmm" />
					<Add library="lib.a" />
					<Add library="d3d9" />
					<Add library="d3dx9" />
					<Add library="dxguid" />
					<Add library="dinput8" />
					<Add directory="..\libs" />
				</Linker>
			</Target>
		</Build>
		<Unit filename="ReadMe.txt" />
		<Unit filename="Resource.h" />
		<Unit filename="small.ico" />
		<Unit filename="stdafx.cpp" />
		<Unit filename="stdafx.h" />
		<Unit filename="testapp.cpp" />
		<Unit filename="winteszt.cpp" />
		<Unit filename="winteszt.h" />
		<Unit filename="winteszt.ico" />
		<Unit filename="winteszt.rc">
			<Option compilerVar="WINDRES" />
		</Unit>
		<Extensions>
			<code_completion />
			<debugger />
			<envvars />
		</Extensions>
	</Project>
</CodeBlocks_project_file>
