<?xml version="1.0" encoding="UTF-8" standalone="yes" ?>
<CodeBlocks_project_file>
	<FileVersion major="1" minor="6" />
	<Project>
		<Option title="teszt" />
		<Option pch_mode="2" />
		<Option compiler="gcc" />
		<Build>
			<Target title="Debug Win32">
				<Option output="teszt" prefix_auto="1" extension_auto="1" />
				<Option object_output="Debug Win32" />
				<Option type="1" />
				<Option compiler="gcc" />
				<Compiler>
					<Add option="-g" />
					<Add option="/W3" />
					<Add option="-O0" />
					<Add option="-DWIN32" />
					<Add option="-D_DEBUG" />
					<Add option="-D_WINDOWS" />
					<Add option="-D_CRT_SECURE_NO_WARNINGS" />
					<Add directory="..\libs\" />
				</Compiler>
				<ResourceCompiler>
					<Add directory="..\libs\" />
				</ResourceCompiler>
				<Linker>
					<Add library="winmm" />
					<Add library="..\libs\lib_d.a" />
				</Linker>
			</Target>
			<Target title="Release Win32">
				<Option output="teszt" prefix_auto="1" extension_auto="1" />
				<Option object_output="Release Win32" />
				<Option type="1" />
				<Option compiler="gcc" />
				<Compiler>
					<Add option="-W" />
					<Add option="-DWIN32" />
					<Add option="-DNDEBUG" />
					<Add option="-D_WINDOWS" />
					<Add option="-D_CRT_SECURE_NO_WARNINGS" />
					<Add directory="..\libs\" />
				</Compiler>
				<ResourceCompiler>
					<Add directory="..\libs\" />
				</ResourceCompiler>
				<Linker>
					<Add library="winmm" />
					<Add library="..\libs\lib.a" />
				</Linker>
			</Target>
		</Build>
		<Compiler>
			<Add option="-DNOMINMAX" />
		</Compiler>
		<Linker>
			<Add directory="..\libs" />
		</Linker>
		<Unit filename="main.cpp" />
		<Extensions>
			<code_completion />
			<debugger />
			<envvars />
		</Extensions>
	</Project>
</CodeBlocks_project_file>
