
Microsoft Visual Studio Solution File, Format Version 9.00
# Visual Studio 2005
Project("{8BC9CEB8-8B4A-11D0-8D11-00A0C91BC942}") = "libs", "libs\libs.vcproj", "{2B939032-FE56-4A52-B30B-3188904F3E67}"
EndProject
Project("{8BC9CEB8-8B4A-11D0-8D11-00A0C91BC942}") = "teszt", "teszt\teszt.vcproj", "{7F11FB18-91EF-4BDD-94A8-02BDB2C5F0F3}"
	ProjectSection(ProjectDependencies) = postProject
		{2B939032-FE56-4A52-B30B-3188904F3E67} = {2B939032-FE56-4A52-B30B-3188904F3E67}
	EndProjectSection
EndProject
Project("{8BC9CEB8-8B4A-11D0-8D11-00A0C91BC942}") = "winteszt", "winteszt\winteszt.vcproj", "{16A005BB-3D80-4E47-A0C4-751EF5365C9C}"
	ProjectSection(ProjectDependencies) = postProject
		{2B939032-FE56-4A52-B30B-3188904F3E67} = {2B939032-FE56-4A52-B30B-3188904F3E67}
	EndProjectSection
EndProject
Project("{2150E333-8FDC-42A3-9474-1A3956D46DE8}") = "Solution Items", "Solution Items", "{15073735-E97D-4945-B3DF-4FCC3B2AB5D8}"
	ProjectSection(SolutionItems) = preProject
		todo.txt = todo.txt
	EndProjectSection
EndProject
Project("{FAE04EC0-301F-11D3-BF4B-00C04F79EFBC}") = "editor", "editor\editor.csproj", "{2CB283AF-F4F4-4EBD-9A24-9C14BE4323E8}"
	ProjectSection(ProjectDependencies) = postProject
		{9D8428FC-B0F2-48D3-AA01-70124B16B032} = {9D8428FC-B0F2-48D3-AA01-70124B16B032}
	EndProjectSection
EndProject
Project("{8BC9CEB8-8B4A-11D0-8D11-00A0C91BC942}") = "libwrapper", "libwrapper\libwrapper.vcproj", "{9D8428FC-B0F2-48D3-AA01-70124B16B032}"
	ProjectSection(ProjectDependencies) = postProject
		{2B939032-FE56-4A52-B30B-3188904F3E67} = {2B939032-FE56-4A52-B30B-3188904F3E67}
	EndProjectSection
EndProject
Project("{8BC9CEB8-8B4A-11D0-8D11-00A0C91BC942}") = "tool", "tool\tool.vcproj", "{23438239-E3DA-47C6-B274-D59B92B38460}"
EndProject
Project("{8BC9CEB8-8B4A-11D0-8D11-00A0C91BC942}") = "CudaTest", "CudaTest\CudaTest.vcproj", "{909624FE-BF5B-490B-8C35-2EA3E2487690}"
EndProject
Global
	GlobalSection(SolutionConfigurationPlatforms) = preSolution
		Debug|Any CPU = Debug|Any CPU
		Debug|Mixed Platforms = Debug|Mixed Platforms
		Debug|Win32 = Debug|Win32
		Release|Any CPU = Release|Any CPU
		Release|Mixed Platforms = Release|Mixed Platforms
		Release|Win32 = Release|Win32
	EndGlobalSection
	GlobalSection(ProjectConfigurationPlatforms) = postSolution
		{2B939032-FE56-4A52-B30B-3188904F3E67}.Debug|Any CPU.ActiveCfg = Debug|Win32
		{2B939032-FE56-4A52-B30B-3188904F3E67}.Debug|Mixed Platforms.ActiveCfg = Debug|Win32
		{2B939032-FE56-4A52-B30B-3188904F3E67}.Debug|Mixed Platforms.Build.0 = Debug|Win32
		{2B939032-FE56-4A52-B30B-3188904F3E67}.Debug|Win32.ActiveCfg = Debug|Win32
		{2B939032-FE56-4A52-B30B-3188904F3E67}.Debug|Win32.Build.0 = Debug|Win32
		{2B939032-FE56-4A52-B30B-3188904F3E67}.Release|Any CPU.ActiveCfg = Release|Win32
		{2B939032-FE56-4A52-B30B-3188904F3E67}.Release|Mixed Platforms.ActiveCfg = Release|Win32
		{2B939032-FE56-4A52-B30B-3188904F3E67}.Release|Mixed Platforms.Build.0 = Release|Win32
		{2B939032-FE56-4A52-B30B-3188904F3E67}.Release|Win32.ActiveCfg = Release|Win32
		{2B939032-FE56-4A52-B30B-3188904F3E67}.Release|Win32.Build.0 = Release|Win32
		{7F11FB18-91EF-4BDD-94A8-02BDB2C5F0F3}.Debug|Any CPU.ActiveCfg = Debug|Win32
		{7F11FB18-91EF-4BDD-94A8-02BDB2C5F0F3}.Debug|Mixed Platforms.ActiveCfg = Debug|Win32
		{7F11FB18-91EF-4BDD-94A8-02BDB2C5F0F3}.Debug|Mixed Platforms.Build.0 = Debug|Win32
		{7F11FB18-91EF-4BDD-94A8-02BDB2C5F0F3}.Debug|Win32.ActiveCfg = Debug|Win32
		{7F11FB18-91EF-4BDD-94A8-02BDB2C5F0F3}.Debug|Win32.Build.0 = Debug|Win32
		{7F11FB18-91EF-4BDD-94A8-02BDB2C5F0F3}.Release|Any CPU.ActiveCfg = Release|Win32
		{7F11FB18-91EF-4BDD-94A8-02BDB2C5F0F3}.Release|Mixed Platforms.ActiveCfg = Release|Win32
		{7F11FB18-91EF-4BDD-94A8-02BDB2C5F0F3}.Release|Mixed Platforms.Build.0 = Release|Win32
		{7F11FB18-91EF-4BDD-94A8-02BDB2C5F0F3}.Release|Win32.ActiveCfg = Release|Win32
		{7F11FB18-91EF-4BDD-94A8-02BDB2C5F0F3}.Release|Win32.Build.0 = Release|Win32
		{16A005BB-3D80-4E47-A0C4-751EF5365C9C}.Debug|Any CPU.ActiveCfg = Debug|Win32
		{16A005BB-3D80-4E47-A0C4-751EF5365C9C}.Debug|Mixed Platforms.ActiveCfg = Debug|Win32
		{16A005BB-3D80-4E47-A0C4-751EF5365C9C}.Debug|Mixed Platforms.Build.0 = Debug|Win32
		{16A005BB-3D80-4E47-A0C4-751EF5365C9C}.Debug|Win32.ActiveCfg = Debug|Win32
		{16A005BB-3D80-4E47-A0C4-751EF5365C9C}.Debug|Win32.Build.0 = Debug|Win32
		{16A005BB-3D80-4E47-A0C4-751EF5365C9C}.Release|Any CPU.ActiveCfg = Release|Win32
		{16A005BB-3D80-4E47-A0C4-751EF5365C9C}.Release|Mixed Platforms.ActiveCfg = Release|Win32
		{16A005BB-3D80-4E47-A0C4-751EF5365C9C}.Release|Mixed Platforms.Build.0 = Release|Win32
		{16A005BB-3D80-4E47-A0C4-751EF5365C9C}.Release|Win32.ActiveCfg = Release|Win32
		{16A005BB-3D80-4E47-A0C4-751EF5365C9C}.Release|Win32.Build.0 = Release|Win32
		{2CB283AF-F4F4-4EBD-9A24-9C14BE4323E8}.Debug|Any CPU.ActiveCfg = Debug|Any CPU
		{2CB283AF-F4F4-4EBD-9A24-9C14BE4323E8}.Debug|Any CPU.Build.0 = Debug|Any CPU
		{2CB283AF-F4F4-4EBD-9A24-9C14BE4323E8}.Debug|Mixed Platforms.ActiveCfg = Debug|Any CPU
		{2CB283AF-F4F4-4EBD-9A24-9C14BE4323E8}.Debug|Mixed Platforms.Build.0 = Debug|Any CPU
		{2CB283AF-F4F4-4EBD-9A24-9C14BE4323E8}.Debug|Win32.ActiveCfg = Debug|Any CPU
		{2CB283AF-F4F4-4EBD-9A24-9C14BE4323E8}.Debug|Win32.Build.0 = Debug|Any CPU
		{2CB283AF-F4F4-4EBD-9A24-9C14BE4323E8}.Release|Any CPU.ActiveCfg = Release|Any CPU
		{2CB283AF-F4F4-4EBD-9A24-9C14BE4323E8}.Release|Any CPU.Build.0 = Release|Any CPU
		{2CB283AF-F4F4-4EBD-9A24-9C14BE4323E8}.Release|Mixed Platforms.ActiveCfg = Release|Any CPU
		{2CB283AF-F4F4-4EBD-9A24-9C14BE4323E8}.Release|Mixed Platforms.Build.0 = Release|Any CPU
		{2CB283AF-F4F4-4EBD-9A24-9C14BE4323E8}.Release|Win32.ActiveCfg = Release|Any CPU
		{9D8428FC-B0F2-48D3-AA01-70124B16B032}.Debug|Any CPU.ActiveCfg = Debug|Win32
		{9D8428FC-B0F2-48D3-AA01-70124B16B032}.Debug|Mixed Platforms.ActiveCfg = Debug|Win32
		{9D8428FC-B0F2-48D3-AA01-70124B16B032}.Debug|Mixed Platforms.Build.0 = Debug|Win32
		{9D8428FC-B0F2-48D3-AA01-70124B16B032}.Debug|Win32.ActiveCfg = Debug|Win32
		{9D8428FC-B0F2-48D3-AA01-70124B16B032}.Debug|Win32.Build.0 = Debug|Win32
		{9D8428FC-B0F2-48D3-AA01-70124B16B032}.Release|Any CPU.ActiveCfg = Release|Win32
		{9D8428FC-B0F2-48D3-AA01-70124B16B032}.Release|Mixed Platforms.ActiveCfg = Release|Win32
		{9D8428FC-B0F2-48D3-AA01-70124B16B032}.Release|Mixed Platforms.Build.0 = Release|Win32
		{9D8428FC-B0F2-48D3-AA01-70124B16B032}.Release|Win32.ActiveCfg = Release|Win32
		{9D8428FC-B0F2-48D3-AA01-70124B16B032}.Release|Win32.Build.0 = Release|Win32
		{23438239-E3DA-47C6-B274-D59B92B38460}.Debug|Any CPU.ActiveCfg = Debug|Win32
		{23438239-E3DA-47C6-B274-D59B92B38460}.Debug|Mixed Platforms.ActiveCfg = Debug|Win32
		{23438239-E3DA-47C6-B274-D59B92B38460}.Debug|Mixed Platforms.Build.0 = Debug|Win32
		{23438239-E3DA-47C6-B274-D59B92B38460}.Debug|Win32.ActiveCfg = Debug|Win32
		{23438239-E3DA-47C6-B274-D59B92B38460}.Debug|Win32.Build.0 = Debug|Win32
		{23438239-E3DA-47C6-B274-D59B92B38460}.Release|Any CPU.ActiveCfg = Release|Win32
		{23438239-E3DA-47C6-B274-D59B92B38460}.Release|Mixed Platforms.ActiveCfg = Release|Win32
		{23438239-E3DA-47C6-B274-D59B92B38460}.Release|Mixed Platforms.Build.0 = Release|Win32
		{23438239-E3DA-47C6-B274-D59B92B38460}.Release|Win32.ActiveCfg = Release|Win32
		{23438239-E3DA-47C6-B274-D59B92B38460}.Release|Win32.Build.0 = Release|Win32
		{909624FE-BF5B-490B-8C35-2EA3E2487690}.Debug|Any CPU.ActiveCfg = Debug|Win32
		{909624FE-BF5B-490B-8C35-2EA3E2487690}.Debug|Mixed Platforms.ActiveCfg = Debug|Win32
		{909624FE-BF5B-490B-8C35-2EA3E2487690}.Debug|Mixed Platforms.Build.0 = Debug|Win32
		{909624FE-BF5B-490B-8C35-2EA3E2487690}.Debug|Win32.ActiveCfg = Debug|Win32
		{909624FE-BF5B-490B-8C35-2EA3E2487690}.Debug|Win32.Build.0 = Debug|Win32
		{909624FE-BF5B-490B-8C35-2EA3E2487690}.Release|Any CPU.ActiveCfg = Release|Win32
		{909624FE-BF5B-490B-8C35-2EA3E2487690}.Release|Mixed Platforms.ActiveCfg = Release|Win32
		{909624FE-BF5B-490B-8C35-2EA3E2487690}.Release|Mixed Platforms.Build.0 = Release|Win32
		{909624FE-BF5B-490B-8C35-2EA3E2487690}.Release|Win32.ActiveCfg = Release|Win32
		{909624FE-BF5B-490B-8C35-2EA3E2487690}.Release|Win32.Build.0 = Release|Win32
	EndGlobalSection
	GlobalSection(SolutionProperties) = preSolution
		HideSolutionNode = FALSE
	EndGlobalSection
EndGlobal
