<?xml version="1.0" encoding="UTF-8" standalone="yes" ?>
<CodeBlocks_project_file>
	<FileVersion major="1" minor="6" />
	<Project>
		<Option title="libs" />
		<Option pch_mode="2" />
		<Option compiler="gcc" />
		<Build>
			<Target title="Debug Win32">
				<Option output="lib" prefix_auto="1" extension_auto="1" />
				<Option working_dir="" />
				<Option object_output="Debug" />
				<Option type="2" />
				<Option compiler="gcc" />
				<Option createDefFile="1" />
				<Compiler>
					<Add option="-W" />
					<Add option="-g" />
					<Add option="-O0" />
					<Add option="-DWIN32" />
					<Add option="-D_DEBUG" />
					<Add option="-D_LIB" />
					<Add option="-D_CRT_SECURE_NO_WARNINGS" />
					<Add option="-DNEED_ASSERT" />
					<Add directory=".\" />
				</Compiler>
				<ResourceCompiler>
					<Add directory=".\" />
				</ResourceCompiler>
			</Target>
			<Target title="Release Win32">
				<Option output="lib" prefix_auto="1" extension_auto="1" />
				<Option working_dir="" />
				<Option object_output="Release" />
				<Option type="2" />
				<Option compiler="gcc" />
				<Option createDefFile="1" />
				<Compiler>
					<Add option="-W" />
					<Add option="-DWIN32" />
					<Add option="-DNDEBUG" />
					<Add option="-D_LIB" />
					<Add option="-D_CRT_SECURE_NO_WARNINGS" />
					<Add directory=".\" />
				</Compiler>
				<ResourceCompiler>
					<Add directory=".\" />
				</ResourceCompiler>
			</Target>
		</Build>
		<Linker>
			<Add directory="C:\Program Files\Microsoft DirectX SDK (March 2008)\Lib\x86" />
		</Linker>
		<Unit filename="containers\fixedvector.h" />
		<Unit filename="containers\listallocator.h" />
		<Unit filename="containers\poolalloc.h" />
		<Unit filename="containers\queue.h" />
		<Unit filename="containers\stack.h" />
		<Unit filename="containers\string.h" />
		<Unit filename="containers\stringmap.h" />
		<Unit filename="containers\vector.h" />
		<Unit filename="file\file.h" />
		<Unit filename="file\filesystem.cpp" />
		<Unit filename="file\filesystem.h" />
		<Unit filename="input\inputsystem.cpp" />
		<Unit filename="input\inputsystem.h" />
		<Unit filename="math\aabox.h" />
		<Unit filename="math\dvec3.h" />
		<Unit filename="math\intersection.h" />
		<Unit filename="math\math.h" />
		<Unit filename="math\mtx3x3.h" />
		<Unit filename="math\mtx4x3.h" />
		<Unit filename="math\mtx4x4.h" />
		<Unit filename="math\plane.h" />
		<Unit filename="math\sorting.h" />
		<Unit filename="math\ssemtx4x3.h" />
		<Unit filename="math\ssevec3.h" />
		<Unit filename="math\vec2.h" />
		<Unit filename="math\vec2i.h" />
		<Unit filename="math\vec3.h" />
		<Unit filename="math\vec4.h" />
		<Unit filename="physics\collision\broadphase\broadphaseobject.h" />
		<Unit filename="physics\collision\broadphase\broadphasepair.h" />
		<Unit filename="physics\collision\broadphase\hgridbroadphase.cpp" />
		<Unit filename="physics\collision\broadphase\hgridbroadphase.h" />
		<Unit filename="physics\collision\shapeintersection\shapeintersection.h" />
		<Unit filename="physics\collision\shapes\shape.h" />
		<Unit filename="physics\collision\system\collisionsystem.h" />
		<Unit filename="physics\collision\system\constraint.h" />
		<Unit filename="physics\collision\system\contact.h" />
		<Unit filename="physics\collision\system\contactmanager.cpp" />
		<Unit filename="physics\collision\system\contactmanager.h" />
		<Unit filename="physics\system\body.cpp" />
		<Unit filename="physics\system\body.h" />
		<Unit filename="physics\system\nbody.cpp" />
		<Unit filename="physics\system\nbody.h" />
		<Unit filename="physics\system\physicssystem.cpp" />
		<Unit filename="physics\system\physicssystem.h" />
		<Unit filename="prop\property.h" />
		<Unit filename="render\indexbuffer.cpp" />
		<Unit filename="render\indexbuffer.h" />
		<Unit filename="render\mesh.cpp" />
		<Unit filename="render\mesh.h" />
		<Unit filename="render\objectmanager.cpp" />
		<Unit filename="render\objectmanager.h" />
		<Unit filename="render\renderobject3d.cpp" />
		<Unit filename="render\renderobject3d.h" />
		<Unit filename="render\renderqueue.cpp" />
		<Unit filename="render\renderqueue.h" />
		<Unit filename="render\renderstate.h" />
		<Unit filename="render\renderstatebuffer.h" />
		<Unit filename="render\rendersystem.cpp" />
		<Unit filename="render\rendersystem.h" />
		<Unit filename="render\shader.cpp" />
		<Unit filename="render\shader.h" />
		<Unit filename="render\shadermanager.cpp" />
		<Unit filename="render\shadermanager.h" />
		<Unit filename="render\submesh.h" />
		<Unit filename="render\texture.cpp" />
		<Unit filename="render\texture.h" />
		<Unit filename="render\texturemanager.cpp" />
		<Unit filename="render\texturemanager.h" />
		<Unit filename="render\vertexbuffer.cpp" />
		<Unit filename="render\vertexbuffer.h" />
		<Unit filename="render\vertexelements.h" />
		<Unit filename="render\vertexformat.h" />
		<Unit filename="scene\node.cpp" />
		<Unit filename="scene\node.h" />
		<Unit filename="scene\nodefactory.cpp" />
		<Unit filename="scene\nodefactory.h" />
		<Unit filename="scene\rootobject.cpp" />
		<Unit filename="scene\rootobject.h" />
		<Unit filename="scene\sceneloader.cpp" />
		<Unit filename="scene\sceneloader.h" />
		<Unit filename="scripting\lua.cpp" />
		<Unit filename="scripting\lua.h" />
		<Unit filename="scripting\lualib\lapi.c">
			<Option compilerVar="CC" />
		</Unit>
		<Unit filename="scripting\lualib\lapi.h" />
		<Unit filename="scripting\lualib\lauxlib.c">
			<Option compilerVar="CC" />
		</Unit>
		<Unit filename="scripting\lualib\lauxlib.h" />
		<Unit filename="scripting\lualib\lbaselib.c">
			<Option compilerVar="CC" />
		</Unit>
		<Unit filename="scripting\lualib\lcode.c">
			<Option compilerVar="CC" />
		</Unit>
		<Unit filename="scripting\lualib\lcode.h" />
		<Unit filename="scripting\lualib\ldblib.c">
			<Option compilerVar="CC" />
		</Unit>
		<Unit filename="scripting\lualib\ldebug.c">
			<Option compilerVar="CC" />
		</Unit>
		<Unit filename="scripting\lualib\ldebug.h" />
		<Unit filename="scripting\lualib\ldo.c">
			<Option compilerVar="CC" />
		</Unit>
		<Unit filename="scripting\lualib\ldo.h" />
		<Unit filename="scripting\lualib\ldump.c">
			<Option compilerVar="CC" />
		</Unit>
		<Unit filename="scripting\lualib\lfunc.c">
			<Option compilerVar="CC" />
		</Unit>
		<Unit filename="scripting\lualib\lfunc.h" />
		<Unit filename="scripting\lualib\lgc.c">
			<Option compilerVar="CC" />
		</Unit>
		<Unit filename="scripting\lualib\lgc.h" />
		<Unit filename="scripting\lualib\liolib.c">
			<Option compilerVar="CC" />
		</Unit>
		<Unit filename="scripting\lualib\llex.c">
			<Option compilerVar="CC" />
		</Unit>
		<Unit filename="scripting\lualib\llex.h" />
		<Unit filename="scripting\lualib\llimits.h" />
		<Unit filename="scripting\lualib\lmathlib.c">
			<Option compilerVar="CC" />
		</Unit>
		<Unit filename="scripting\lualib\lmem.c">
			<Option compilerVar="CC" />
		</Unit>
		<Unit filename="scripting\lualib\lmem.h" />
		<Unit filename="scripting\lualib\loadlib.c">
			<Option compilerVar="CC" />
		</Unit>
		<Unit filename="scripting\lualib\lobject.c">
			<Option compilerVar="CC" />
		</Unit>
		<Unit filename="scripting\lualib\lobject.h" />
		<Unit filename="scripting\lualib\lopcodes.c">
			<Option compilerVar="CC" />
		</Unit>
		<Unit filename="scripting\lualib\lopcodes.h" />
		<Unit filename="scripting\lualib\lparser.c">
			<Option compilerVar="CC" />
		</Unit>
		<Unit filename="scripting\lualib\lparser.h" />
		<Unit filename="scripting\lualib\lstate.c">
			<Option compilerVar="CC" />
		</Unit>
		<Unit filename="scripting\lualib\lstate.h" />
		<Unit filename="scripting\lualib\lstring.c">
			<Option compilerVar="CC" />
		</Unit>
		<Unit filename="scripting\lualib\lstring.h" />
		<Unit filename="scripting\lualib\lstrlib.c">
			<Option compilerVar="CC" />
		</Unit>
		<Unit filename="scripting\lualib\ltable.c">
			<Option compilerVar="CC" />
		</Unit>
		<Unit filename="scripting\lualib\ltable.h" />
		<Unit filename="scripting\lualib\ltablib.c">
			<Option compilerVar="CC" />
		</Unit>
		<Unit filename="scripting\lualib\ltests.c">
			<Option compilerVar="CC" />
		</Unit>
		<Unit filename="scripting\lualib\ltm.c">
			<Option compilerVar="CC" />
		</Unit>
		<Unit filename="scripting\lualib\ltm.h" />
		<Unit filename="scripting\lualib\lua.h" />
		<Unit filename="scripting\lualib\lualib.h" />
		<Unit filename="scripting\lualib\lundump.c">
			<Option compilerVar="CC" />
		</Unit>
		<Unit filename="scripting\lualib\lundump.h" />
		<Unit filename="scripting\lualib\lvm.c">
			<Option compilerVar="CC" />
		</Unit>
		<Unit filename="scripting\lualib\lvm.h" />
		<Unit filename="scripting\lualib\lzio.c">
			<Option compilerVar="CC" />
		</Unit>
		<Unit filename="scripting\lualib\lzio.h" />
		<Unit filename="threading\mutex.cpp" />
		<Unit filename="threading\mutex.h" />
		<Unit filename="threading\task.cpp" />
		<Unit filename="threading\task.h" />
		<Unit filename="threading\taskallocator.h" />
		<Unit filename="threading\taskmanager2.cpp" />
		<Unit filename="threading\taskmanager2.h" />
		<Unit filename="threading\thread.cpp" />
		<Unit filename="threading\thread.h" />
		<Unit filename="utils\Tga.h" />
		<Unit filename="utils\assert.h" />
		<Unit filename="utils\auto_ptr.h" />
		<Unit filename="utils\chunkstream.cpp" />
		<Unit filename="utils\chunkstream.h" />
		<Unit filename="utils\colorf.h" />
		<Unit filename="utils\misc.cpp" />
		<Unit filename="utils\misc.h" />
		<Unit filename="utils\mmod-loader.cpp" />
		<Unit filename="utils\ref_ptr.h" />
		<Unit filename="utils\referencedobject.h" />
		<Unit filename="utils\resource.h" />
		<Unit filename="utils\singleton.h" />
		<Unit filename="utils\stringhash.h" />
		<Unit filename="utils\timer.cpp" />
		<Unit filename="utils\timer.h" />
		<Extensions>
			<code_completion />
			<debugger />
		</Extensions>
	</Project>
</CodeBlocks_project_file>
